
Microsoft Visual Studio Solution File, Format Version 12.00
# Visual Studio Version 16
VisualStudioVersion = 16.0.31005.135
MinimumVisualStudioVersion = 10.0.40219.1
Project("{FAE04EC0-301F-11D3-BF4B-00C04F79EFBC}") = "TestApplication", "TestApplication.csproj", "{B53E0C22-30CE-4E50-A48C-F9CB13F9A910}"
EndProject
Global
	GlobalSection(SolutionConfigurationPlatforms) = preSolution
		Debug|Any CPU = Debug|Any CPU
		Release|Any CPU = Release|Any CPU
	EndGlobalSection
	GlobalSection(ProjectConfigurationPlatforms) = postSolution
		{B53E0C22-30CE-4E50-A48C-F9CB13F9A910}.Debug|Any CPU.ActiveCfg = Debug|Any CPU
		{B53E0C22-30CE-4E50-A48C-F9CB13F9A910}.Debug|Any CPU.Build.0 = Debug|Any CPU
		{B53E0C22-30CE-4E50-A48C-F9CB13F9A910}.Release|Any CPU.ActiveCfg = Release|Any CPU
		{B53E0C22-30CE-4E50-A48C-F9CB13F9A910}.Release|Any CPU.Build.0 = Release|Any CPU
	EndGlobalSection
	GlobalSection(SolutionProperties) = preSolution
		HideSolutionNode = FALSE
	EndGlobalSection
	GlobalSection(ExtensibilityGlobals) = postSolution
		SolutionGuid = {2855EFF2-B097-44ED-9188-D60B078BF65A}
	EndGlobalSection
EndGlobal
